
Microsoft Visual Studio Solution File, Format Version 12.00
# Visual Studio Version 17
VisualStudioVersion = 17.9.34714.143
MinimumVisualStudioVersion = 10.0.40219.1
Project("{FAE04EC0-301F-11D3-BF4B-00C04F79EFBC}") = "MechanicalDataTransfer", "MechanicalDataTransfer\MechanicalDataTransfer.csproj", "{582A5361-7174-4C2B-861F-EF653D3B0C92}"
EndProject
Global
	GlobalSection(SolutionConfigurationPlatforms) = preSolution
		Debug|Any CPU = Debug|Any CPU
		Release|Any CPU = Release|Any CPU
	EndGlobalSection
	GlobalSection(ProjectConfigurationPlatforms) = postSolution
		{582A5361-7174-4C2B-861F-EF653D3B0C92}.Debug|Any CPU.ActiveCfg = Debug|Any CPU
		{582A5361-7174-4C2B-861F-EF653D3B0C92}.Debug|Any CPU.Build.0 = Debug|Any CPU
		{582A5361-7174-4C2B-861F-EF653D3B0C92}.Release|Any CPU.ActiveCfg = Release|Any CPU
		{582A5361-7174-4C2B-861F-EF653D3B0C92}.Release|Any CPU.Build.0 = Release|Any CPU
	EndGlobalSection
	GlobalSection(SolutionProperties) = preSolution
		HideSolutionNode = FALSE
	EndGlobalSection
	GlobalSection(ExtensibilityGlobals) = postSolution
		SolutionGuid = {C84B2F09-4145-49D9-B0B3-C389FA435F86}
	EndGlobalSection
EndGlobal
